
Microsoft Visual Studio Solution File, Format Version 12.00
# Visual Studio Version 17
VisualStudioVersion = 17.11.35327.3
MinimumVisualStudioVersion = 10.0.40219.1
Project("{FAE04EC0-301F-11D3-BF4B-00C04F79EFBC}") = "Core_API_ConditionalMiddleware", "Core_API_ConditionalMiddleware\Core_API_ConditionalMiddleware.csproj", "{1C98B3F9-C98E-4B84-A005-EB9E85706530}"
EndProject
Global
	GlobalSection(SolutionConfigurationPlatforms) = preSolution
		Debug|Any CPU = Debug|Any CPU
		Release|Any CPU = Release|Any CPU
	EndGlobalSection
	GlobalSection(ProjectConfigurationPlatforms) = postSolution
		{1C98B3F9-C98E-4B84-A005-EB9E85706530}.Debug|Any CPU.ActiveCfg = Debug|Any CPU
		{1C98B3F9-C98E-4B84-A005-EB9E85706530}.Debug|Any CPU.Build.0 = Debug|Any CPU
		{1C98B3F9-C98E-4B84-A005-EB9E85706530}.Release|Any CPU.ActiveCfg = Release|Any CPU
		{1C98B3F9-C98E-4B84-A005-EB9E85706530}.Release|Any CPU.Build.0 = Release|Any CPU
	EndGlobalSection
	GlobalSection(SolutionProperties) = preSolution
		HideSolutionNode = FALSE
	EndGlobalSection
	GlobalSection(ExtensibilityGlobals) = postSolution
		SolutionGuid = {77F58830-2AC4-4F0F-96E6-0CDA92385F24}
	EndGlobalSection
EndGlobal
